
Microsoft Visual Studio Solution File, Format Version 12.00
# Visual Studio 15
Project("{FAE04EC0-301F-11D3-BF4B-00C04F79EFBC}") = "Assembly-CSharp", "Assembly-CSharp.csproj", "{6AC4F31A-AABC-87CB-A8D0-2ACE5EA1695B}"
EndProject
Project("{FAE04EC0-301F-11D3-BF4B-00C04F79EFBC}") = "CFXR.WelcomeScreen", "CFXR.WelcomeScreen.csproj", "{53E98C91-D4D3-34AF-AB72-3A87C6AF6865}"
EndProject
Global
	GlobalSection(SolutionConfigurationPlatforms) = preSolution
		Debug|Any CPU = Debug|Any CPU
		Release|Any CPU = Release|Any CPU
	EndGlobalSection
	GlobalSection(ProjectConfigurationPlatforms) = postSolution
		{6AC4F31A-AABC-87CB-A8D0-2ACE5EA1695B}.Debug|Any CPU.ActiveCfg = Debug|Any CPU
		{6AC4F31A-AABC-87CB-A8D0-2ACE5EA1695B}.Debug|Any CPU.Build.0 = Debug|Any CPU
		{6AC4F31A-AABC-87CB-A8D0-2ACE5EA1695B}.Release|Any CPU.ActiveCfg = Release|Any CPU
		{6AC4F31A-AABC-87CB-A8D0-2ACE5EA1695B}.Release|Any CPU.Build.0 = Release|Any CPU
		{53E98C91-D4D3-34AF-AB72-3A87C6AF6865}.Debug|Any CPU.ActiveCfg = Debug|Any CPU
		{53E98C91-D4D3-34AF-AB72-3A87C6AF6865}.Debug|Any CPU.Build.0 = Debug|Any CPU
		{53E98C91-D4D3-34AF-AB72-3A87C6AF6865}.Release|Any CPU.ActiveCfg = Release|Any CPU
		{53E98C91-D4D3-34AF-AB72-3A87C6AF6865}.Release|Any CPU.Build.0 = Release|Any CPU
	EndGlobalSection
	GlobalSection(SolutionProperties) = preSolution
		HideSolutionNode = FALSE
	EndGlobalSection
EndGlobal
